// !$*UTF8*$!
{
	archiveVersion = 1;
	classes = {
	};
	objectVersion = 56;
	objects = {

/* Begin PBXBuildFile section */
		F08F494F29533229001F2CC9 /* AppDelegate.swift in Sources */ = {isa = PBXBuildFile; fileRef = F08F494E29533229001F2CC9 /* AppDelegate.swift */; };
		F08F495129533229001F2CC9 /* SceneDelegate.swift in Sources */ = {isa = PBXBuildFile; fileRef = F08F495029533229001F2CC9 /* SceneDelegate.swift */; };
		F08F495329533229001F2CC9 /* ViewController.swift in Sources */ = {isa = PBXBuildFile; fileRef = F08F495229533229001F2CC9 /* ViewController.swift */; };
		F08F49562953322A001F2CC9 /* Main.storyboard in Resources */ = {isa = PBXBuildFile; fileRef = F08F49542953322A001F2CC9 /* Main.storyboard */; };
		F08F495829533230001F2CC9 /* Assets.xcassets in Resources */ = {isa = PBXBuildFile; fileRef = F08F495729533230001F2CC9 /* Assets.xcassets */; };
		F08F495B29533230001F2CC9 /* LaunchScreen.storyboard in Resources */ = {isa = PBXBuildFile; fileRef = F08F495929533230001F2CC9 /* LaunchScreen.storyboard */; };
		F08F496529533374001F2CC9 /* CircleProgressView.xib in Resources */ = {isa = PBXBuildFile; fileRef = F08F496429533374001F2CC9 /* CircleProgressView.xib */; };
		F08F49672953337B001F2CC9 /* CircleProgressView.swift in Sources */ = {isa = PBXBuildFile; fileRef = F08F49662953337B001F2CC9 /* CircleProgressView.swift */; };
		F08F496C29533399001F2CC9 /* StrokeAnimation.swift in Sources */ = {isa = PBXBuildFile; fileRef = F08F496B29533399001F2CC9 /* StrokeAnimation.swift */; };
		F08F496F295334B1001F2CC9 /* ProgressViewStatus.swift in Sources */ = {isa = PBXBuildFile; fileRef = F08F496E295334B1001F2CC9 /* ProgressViewStatus.swift */; };
		F08F49722953370B001F2CC9 /* BaseView.swift in Sources */ = {isa = PBXBuildFile; fileRef = F08F49712953370B001F2CC9 /* BaseView.swift */; };
		F08F49752953371B001F2CC9 /* UIView+.swift in Sources */ = {isa = PBXBuildFile; fileRef = F08F49742953371B001F2CC9 /* UIView+.swift */; };
		F08F497729533763001F2CC9 /* NSObject+.swift in Sources */ = {isa = PBXBuildFile; fileRef = F08F497629533763001F2CC9 /* NSObject+.swift */; };
		F08F497B2953390C001F2CC9 /* SequentialOpearationExecutor.swift in Sources */ = {isa = PBXBuildFile; fileRef = F08F497A2953390C001F2CC9 /* SequentialOpearationExecutor.swift */; };
		F08F497F29533C58001F2CC9 /* AsynchronousOperation.swift in Sources */ = {isa = PBXBuildFile; fileRef = F08F497E29533C58001F2CC9 /* AsynchronousOperation.swift */; };
		F08F498129533C95001F2CC9 /* DelayOpearation.swift in Sources */ = {isa = PBXBuildFile; fileRef = F08F498029533C95001F2CC9 /* DelayOpearation.swift */; };
		F08F498429533CC3001F2CC9 /* OSLogger.swift in Sources */ = {isa = PBXBuildFile; fileRef = F08F498329533CC3001F2CC9 /* OSLogger.swift */; };
/* End PBXBuildFile section */

/* Begin PBXFileReference section */
		F08F494B29533229001F2CC9 /* OperationQueueDemo.app */ = {isa = PBXFileReference; explicitFileType = wrapper.application; includeInIndex = 0; path = OperationQueueDemo.app; sourceTree = BUILT_PRODUCTS_DIR; };
		F08F494E29533229001F2CC9 /* AppDelegate.swift */ = {isa = PBXFileReference; lastKnownFileType = sourcecode.swift; path = AppDelegate.swift; sourceTree = "<group>"; };
		F08F495029533229001F2CC9 /* SceneDelegate.swift */ = {isa = PBXFileReference; lastKnownFileType = sourcecode.swift; path = SceneDelegate.swift; sourceTree = "<group>"; };
		F08F495229533229001F2CC9 /* ViewController.swift */ = {isa = PBXFileReference; lastKnownFileType = sourcecode.swift; path = ViewController.swift; sourceTree = "<group>"; };
		F08F49552953322A001F2CC9 /* Base */ = {isa = PBXFileReference; lastKnownFileType = file.storyboard; name = Base; path = Base.lproj/Main.storyboard; sourceTree = "<group>"; };
		F08F495729533230001F2CC9 /* Assets.xcassets */ = {isa = PBXFileReference; lastKnownFileType = folder.assetcatalog; path = Assets.xcassets; sourceTree = "<group>"; };
		F08F495A29533230001F2CC9 /* Base */ = {isa = PBXFileReference; lastKnownFileType = file.storyboard; name = Base; path = Base.lproj/LaunchScreen.storyboard; sourceTree = "<group>"; };
		F08F495C29533230001F2CC9 /* Info.plist */ = {isa = PBXFileReference; lastKnownFileType = text.plist.xml; path = Info.plist; sourceTree = "<group>"; };
		F08F496429533374001F2CC9 /* CircleProgressView.xib */ = {isa = PBXFileReference; lastKnownFileType = file.xib; path = CircleProgressView.xib; sourceTree = "<group>"; };
		F08F49662953337B001F2CC9 /* CircleProgressView.swift */ = {isa = PBXFileReference; lastKnownFileType = sourcecode.swift; path = CircleProgressView.swift; sourceTree = "<group>"; };
		F08F496B29533399001F2CC9 /* StrokeAnimation.swift */ = {isa = PBXFileReference; lastKnownFileType = sourcecode.swift; path = StrokeAnimation.swift; sourceTree = "<group>"; };
		F08F496E295334B1001F2CC9 /* ProgressViewStatus.swift */ = {isa = PBXFileReference; lastKnownFileType = sourcecode.swift; path = ProgressViewStatus.swift; sourceTree = "<group>"; };
		F08F49712953370B001F2CC9 /* BaseView.swift */ = {isa = PBXFileReference; lastKnownFileType = sourcecode.swift; path = BaseView.swift; sourceTree = "<group>"; };
		F08F49742953371B001F2CC9 /* UIView+.swift */ = {isa = PBXFileReference; lastKnownFileType = sourcecode.swift; path = "UIView+.swift"; sourceTree = "<group>"; };
		F08F497629533763001F2CC9 /* NSObject+.swift */ = {isa = PBXFileReference; lastKnownFileType = sourcecode.swift; path = "NSObject+.swift"; sourceTree = "<group>"; };
		F08F497A2953390C001F2CC9 /* SequentialOpearationExecutor.swift */ = {isa = PBXFileReference; lastKnownFileType = sourcecode.swift; path = SequentialOpearationExecutor.swift; sourceTree = "<group>"; };
		F08F497E29533C58001F2CC9 /* AsynchronousOperation.swift */ = {isa = PBXFileReference; lastKnownFileType = sourcecode.swift; path = AsynchronousOperation.swift; sourceTree = "<group>"; };
		F08F498029533C95001F2CC9 /* DelayOpearation.swift */ = {isa = PBXFileReference; lastKnownFileType = sourcecode.swift; path = DelayOpearation.swift; sourceTree = "<group>"; };
		F08F498329533CC3001F2CC9 /* OSLogger.swift */ = {isa = PBXFileReference; lastKnownFileType = sourcecode.swift; path = OSLogger.swift; sourceTree = "<group>"; };
/* End PBXFileReference section */

/* Begin PBXFrameworksBuildPhase section */
		F08F494829533229001F2CC9 /* Frameworks */ = {
			isa = PBXFrameworksBuildPhase;
			buildActionMask = 2147483647;
			files = (
			);
			runOnlyForDeploymentPostprocessing = 0;
		};
/* End PBXFrameworksBuildPhase section */

/* Begin PBXGroup section */
		F08F494229533229001F2CC9 = {
			isa = PBXGroup;
			children = (
				F08F494D29533229001F2CC9 /* OperationQueueDemo */,
				F08F494C29533229001F2CC9 /* Products */,
			);
			sourceTree = "<group>";
		};
		F08F494C29533229001F2CC9 /* Products */ = {
			isa = PBXGroup;
			children = (
				F08F494B29533229001F2CC9 /* OperationQueueDemo.app */,
			);
			name = Products;
			sourceTree = "<group>";
		};
		F08F494D29533229001F2CC9 /* OperationQueueDemo */ = {
			isa = PBXGroup;
			children = (
				F08F497329533716001F2CC9 /* Extension */,
				F08F49692953338B001F2CC9 /* Utility */,
				F08F496229533352001F2CC9 /* View */,
				F08F494E29533229001F2CC9 /* AppDelegate.swift */,
				F08F495029533229001F2CC9 /* SceneDelegate.swift */,
				F08F495229533229001F2CC9 /* ViewController.swift */,
				F08F49542953322A001F2CC9 /* Main.storyboard */,
				F08F495729533230001F2CC9 /* Assets.xcassets */,
				F08F495929533230001F2CC9 /* LaunchScreen.storyboard */,
				F08F495C29533230001F2CC9 /* Info.plist */,
			);
			path = OperationQueueDemo;
			sourceTree = "<group>";
		};
		F08F496229533352001F2CC9 /* View */ = {
			isa = PBXGroup;
			children = (
				F08F4979295338F9001F2CC9 /* Common */,
				F08F496329533358001F2CC9 /* Progress */,
			);
			path = View;
			sourceTree = "<group>";
		};
		F08F496329533358001F2CC9 /* Progress */ = {
			isa = PBXGroup;
			children = (
				F08F496D295334A2001F2CC9 /* Parts */,
				F08F496429533374001F2CC9 /* CircleProgressView.xib */,
				F08F49662953337B001F2CC9 /* CircleProgressView.swift */,
			);
			path = Progress;
			sourceTree = "<group>";
		};
		F08F49692953338B001F2CC9 /* Utility */ = {
			isa = PBXGroup;
			children = (
				F08F498229533CBB001F2CC9 /* OSLogger */,
				F08F4978295338DD001F2CC9 /* Operator */,
				F08F496A29533390001F2CC9 /* Animation */,
			);
			path = Utility;
			sourceTree = "<group>";
		};
		F08F496A29533390001F2CC9 /* Animation */ = {
			isa = PBXGroup;
			children = (
				F08F496B29533399001F2CC9 /* StrokeAnimation.swift */,
			);
			path = Animation;
			sourceTree = "<group>";
		};
		F08F496D295334A2001F2CC9 /* Parts */ = {
			isa = PBXGroup;
			children = (
				F08F496E295334B1001F2CC9 /* ProgressViewStatus.swift */,
			);
			path = Parts;
			sourceTree = "<group>";
		};
		F08F497329533716001F2CC9 /* Extension */ = {
			isa = PBXGroup;
			children = (
				F08F49742953371B001F2CC9 /* UIView+.swift */,
				F08F497629533763001F2CC9 /* NSObject+.swift */,
			);
			path = Extension;
			sourceTree = "<group>";
		};
		F08F4978295338DD001F2CC9 /* Operator */ = {
			isa = PBXGroup;
			children = (
				F08F497D29533C3E001F2CC9 /* Operations */,
				F08F497A2953390C001F2CC9 /* SequentialOpearationExecutor.swift */,
			);
			path = Operator;
			sourceTree = "<group>";
		};
		F08F4979295338F9001F2CC9 /* Common */ = {
			isa = PBXGroup;
			children = (
				F08F49712953370B001F2CC9 /* BaseView.swift */,
			);
			path = Common;
			sourceTree = "<group>";
		};
		F08F497D29533C3E001F2CC9 /* Operations */ = {
			isa = PBXGroup;
			children = (
				F08F497E29533C58001F2CC9 /* AsynchronousOperation.swift */,
				F08F498029533C95001F2CC9 /* DelayOpearation.swift */,
			);
			path = Operations;
			sourceTree = "<group>";
		};
		F08F498229533CBB001F2CC9 /* OSLogger */ = {
			isa = PBXGroup;
			children = (
				F08F498329533CC3001F2CC9 /* OSLogger.swift */,
			);
			path = OSLogger;
			sourceTree = "<group>";
		};
/* End PBXGroup section */

/* Begin PBXNativeTarget section */
		F08F494A29533229001F2CC9 /* OperationQueueDemo */ = {
			isa = PBXNativeTarget;
			buildConfigurationList = F08F495F29533230001F2CC9 /* Build configuration list for PBXNativeTarget "OperationQueueDemo" */;
			buildPhases = (
				F08F494729533229001F2CC9 /* Sources */,
				F08F494829533229001F2CC9 /* Frameworks */,
				F08F494929533229001F2CC9 /* Resources */,
			);
			buildRules = (
			);
			dependencies = (
			);
			name = OperationQueueDemo;
			productName = OperationQueueDemo;
			productReference = F08F494B29533229001F2CC9 /* OperationQueueDemo.app */;
			productType = "com.apple.product-type.application";
		};
/* End PBXNativeTarget section */

/* Begin PBXProject section */
		F08F494329533229001F2CC9 /* Project object */ = {
			isa = PBXProject;
			attributes = {
				BuildIndependentTargetsInParallel = 1;
				LastSwiftUpdateCheck = 1400;
				LastUpgradeCheck = 1400;
				TargetAttributes = {
					F08F494A29533229001F2CC9 = {
						CreatedOnToolsVersion = 14.0;
					};
				};
			};
			buildConfigurationList = F08F494629533229001F2CC9 /* Build configuration list for PBXProject "OperationQueueDemo" */;
			compatibilityVersion = "Xcode 14.0";
			developmentRegion = en;
			hasScannedForEncodings = 0;
			knownRegions = (
				en,
				Base,
			);
			mainGroup = F08F494229533229001F2CC9;
			productRefGroup = F08F494C29533229001F2CC9 /* Products */;
			projectDirPath = "";
			projectRoot = "";
			targets = (
				F08F494A29533229001F2CC9 /* OperationQueueDemo */,
			);
		};
/* End PBXProject section */

/* Begin PBXResourcesBuildPhase section */
		F08F494929533229001F2CC9 /* Resources */ = {
			isa = PBXResourcesBuildPhase;
			buildActionMask = 2147483647;
			files = (
				F08F495B29533230001F2CC9 /* LaunchScreen.storyboard in Resources */,
				F08F496529533374001F2CC9 /* CircleProgressView.xib in Resources */,
				F08F495829533230001F2CC9 /* Assets.xcassets in Resources */,
				F08F49562953322A001F2CC9 /* Main.storyboard in Resources */,
			);
			runOnlyForDeploymentPostprocessing = 0;
		};
/* End PBXResourcesBuildPhase section */

/* Begin PBXSourcesBuildPhase section */
		F08F494729533229001F2CC9 /* Sources */ = {
			isa = PBXSourcesBuildPhase;
			buildActionMask = 2147483647;
			files = (
				F08F497B2953390C001F2CC9 /* SequentialOpearationExecutor.swift in Sources */,
				F08F495329533229001F2CC9 /* ViewController.swift in Sources */,
				F08F496F295334B1001F2CC9 /* ProgressViewStatus.swift in Sources */,
				F08F49672953337B001F2CC9 /* CircleProgressView.swift in Sources */,
				F08F494F29533229001F2CC9 /* AppDelegate.swift in Sources */,
				F08F49752953371B001F2CC9 /* UIView+.swift in Sources */,
				F08F49722953370B001F2CC9 /* BaseView.swift in Sources */,
				F08F495129533229001F2CC9 /* SceneDelegate.swift in Sources */,
				F08F497729533763001F2CC9 /* NSObject+.swift in Sources */,
				F08F498129533C95001F2CC9 /* DelayOpearation.swift in Sources */,
				F08F498429533CC3001F2CC9 /* OSLogger.swift in Sources */,
				F08F496C29533399001F2CC9 /* StrokeAnimation.swift in Sources */,
				F08F497F29533C58001F2CC9 /* AsynchronousOperation.swift in Sources */,
			);
			runOnlyForDeploymentPostprocessing = 0;
		};
/* End PBXSourcesBuildPhase section */

/* Begin PBXVariantGroup section */
		F08F49542953322A001F2CC9 /* Main.storyboard */ = {
			isa = PBXVariantGroup;
			children = (
				F08F49552953322A001F2CC9 /* Base */,
			);
			name = Main.storyboard;
			sourceTree = "<group>";
		};
		F08F495929533230001F2CC9 /* LaunchScreen.storyboard */ = {
			isa = PBXVariantGroup;
			children = (
				F08F495A29533230001F2CC9 /* Base */,
			);
			name = LaunchScreen.storyboard;
			sourceTree = "<group>";
		};
/* End PBXVariantGroup section */

/* Begin XCBuildConfiguration section */
		F08F495D29533230001F2CC9 /* Debug */ = {
			isa = XCBuildConfiguration;
			buildSettings = {
				ALWAYS_SEARCH_USER_PATHS = NO;
				CLANG_ANALYZER_NONNULL = YES;
				CLANG_ANALYZER_NUMBER_OBJECT_CONVERSION = YES_AGGRESSIVE;
				CLANG_CXX_LANGUAGE_STANDARD = "gnu++20";
				CLANG_ENABLE_MODULES = YES;
				CLANG_ENABLE_OBJC_ARC = YES;
				CLANG_ENABLE_OBJC_WEAK = YES;
				CLANG_WARN_BLOCK_CAPTURE_AUTORELEASING = YES;
				CLANG_WARN_BOOL_CONVERSION = YES;
				CLANG_WARN_COMMA = YES;
				CLANG_WARN_CONSTANT_CONVERSION = YES;
				CLANG_WARN_DEPRECATED_OBJC_IMPLEMENTATIONS = YES;
				CLANG_WARN_DIRECT_OBJC_ISA_USAGE = YES_ERROR;
				CLANG_WARN_DOCUMENTATION_COMMENTS = YES;
				CLANG_WARN_EMPTY_BODY = YES;
				CLANG_WARN_ENUM_CONVERSION = YES;
				CLANG_WARN_INFINITE_RECURSION = YES;
				CLANG_WARN_INT_CONVERSION = YES;
				CLANG_WARN_NON_LITERAL_NULL_CONVERSION = YES;
				CLANG_WARN_OBJC_IMPLICIT_RETAIN_SELF = YES;
				CLANG_WARN_OBJC_LITERAL_CONVERSION = YES;
				CLANG_WARN_OBJC_ROOT_CLASS = YES_ERROR;
				CLANG_WARN_QUOTED_INCLUDE_IN_FRAMEWORK_HEADER = YES;
				CLANG_WARN_RANGE_LOOP_ANALYSIS = YES;
				CLANG_WARN_STRICT_PROTOTYPES = YES;
				CLANG_WARN_SUSPICIOUS_MOVE = YES;
				CLANG_WARN_UNGUARDED_AVAILABILITY = YES_AGGRESSIVE;
				CLANG_WARN_UNREACHABLE_CODE = YES;
				CLANG_WARN__DUPLICATE_METHOD_MATCH = YES;
				COPY_PHASE_STRIP = NO;
				DEBUG_INFORMATION_FORMAT = dwarf;
				ENABLE_STRICT_OBJC_MSGSEND = YES;
				ENABLE_TESTABILITY = YES;
				GCC_C_LANGUAGE_STANDARD = gnu11;
				GCC_DYNAMIC_NO_PIC = NO;
				GCC_NO_COMMON_BLOCKS = YES;
				GCC_OPTIMIZATION_LEVEL = 0;
				GCC_PREPROCESSOR_DEFINITIONS = (
					"DEBUG=1",
					"$(inherited)",
				);
				GCC_WARN_64_TO_32_BIT_CONVERSION = YES;
				GCC_WARN_ABOUT_RETURN_TYPE = YES_ERROR;
				GCC_WARN_UNDECLARED_SELECTOR = YES;
				GCC_WARN_UNINITIALIZED_AUTOS = YES_AGGRESSIVE;
				GCC_WARN_UNUSED_FUNCTION = YES;
				GCC_WARN_UNUSED_VARIABLE = YES;
				IPHONEOS_DEPLOYMENT_TARGET = 16.0;
				MTL_ENABLE_DEBUG_INFO = INCLUDE_SOURCE;
				MTL_FAST_MATH = YES;
				ONLY_ACTIVE_ARCH = YES;
				SDKROOT = iphoneos;
				SWIFT_ACTIVE_COMPILATION_CONDITIONS = DEBUG;
				SWIFT_OPTIMIZATION_LEVEL = "-Onone";
			};
			name = Debug;
		};
		F08F495E29533230001F2CC9 /* Release */ = {
			isa = XCBuildConfiguration;
			buildSettings = {
				ALWAYS_SEARCH_USER_PATHS = NO;
				CLANG_ANALYZER_NONNULL = YES;
				CLANG_ANALYZER_NUMBER_OBJECT_CONVERSION = YES_AGGRESSIVE;
				CLANG_CXX_LANGUAGE_STANDARD = "gnu++20";
				CLANG_ENABLE_MODULES = YES;
				CLANG_ENABLE_OBJC_ARC = YES;
				CLANG_ENABLE_OBJC_WEAK = YES;
				CLANG_WARN_BLOCK_CAPTURE_AUTORELEASING = YES;
				CLANG_WARN_BOOL_CONVERSION = YES;
				CLANG_WARN_COMMA = YES;
				CLANG_WARN_CONSTANT_CONVERSION = YES;
				CLANG_WARN_DEPRECATED_OBJC_IMPLEMENTATIONS = YES;
				CLANG_WARN_DIRECT_OBJC_ISA_USAGE = YES_ERROR;
				CLANG_WARN_DOCUMENTATION_COMMENTS = YES;
				CLANG_WARN_EMPTY_BODY = YES;
				CLANG_WARN_ENUM_CONVERSION = YES;
				CLANG_WARN_INFINITE_RECURSION = YES;
				CLANG_WARN_INT_CONVERSION = YES;
				CLANG_WARN_NON_LITERAL_NULL_CONVERSION = YES;
				CLANG_WARN_OBJC_IMPLICIT_RETAIN_SELF = YES;
				CLANG_WARN_OBJC_LITERAL_CONVERSION = YES;
				CLANG_WARN_OBJC_ROOT_CLASS = YES_ERROR;
				CLANG_WARN_QUOTED_INCLUDE_IN_FRAMEWORK_HEADER = YES;
				CLANG_WARN_RANGE_LOOP_ANALYSIS = YES;
				CLANG_WARN_STRICT_PROTOTYPES = YES;
				CLANG_WARN_SUSPICIOUS_MOVE = YES;
				CLANG_WARN_UNGUARDED_AVAILABILITY = YES_AGGRESSIVE;
				CLANG_WARN_UNREACHABLE_CODE = YES;
				CLANG_WARN__DUPLICATE_METHOD_MATCH = YES;
				COPY_PHASE_STRIP = NO;
				DEBUG_INFORMATION_FORMAT = "dwarf-with-dsym";
				ENABLE_NS_ASSERTIONS = NO;
				ENABLE_STRICT_OBJC_MSGSEND = YES;
				GCC_C_LANGUAGE_STANDARD = gnu11;
				GCC_NO_COMMON_BLOCKS = YES;
				GCC_WARN_64_TO_32_BIT_CONVERSION = YES;
				GCC_WARN_ABOUT_RETURN_TYPE = YES_ERROR;
				GCC_WARN_UNDECLARED_SELECTOR = YES;
				GCC_WARN_UNINITIALIZED_AUTOS = YES_AGGRESSIVE;
				GCC_WARN_UNUSED_FUNCTION = YES;
				GCC_WARN_UNUSED_VARIABLE = YES;
				IPHONEOS_DEPLOYMENT_TARGET = 16.0;
				MTL_ENABLE_DEBUG_INFO = NO;
				MTL_FAST_MATH = YES;
				SDKROOT = iphoneos;
				SWIFT_COMPILATION_MODE = wholemodule;
				SWIFT_OPTIMIZATION_LEVEL = "-O";
				VALIDATE_PRODUCT = YES;
			};
			name = Release;
		};
		F08F496029533230001F2CC9 /* Debug */ = {
			isa = XCBuildConfiguration;
			buildSettings = {
				ASSETCATALOG_COMPILER_APPICON_NAME = AppIcon;
				ASSETCATALOG_COMPILER_GLOBAL_ACCENT_COLOR_NAME = AccentColor;
				CODE_SIGN_STYLE = Automatic;
				CURRENT_PROJECT_VERSION = 1;
				GENERATE_INFOPLIST_FILE = YES;
				INFOPLIST_FILE = OperationQueueDemo/Info.plist;
				INFOPLIST_KEY_UIApplicationSupportsIndirectInputEvents = YES;
				INFOPLIST_KEY_UILaunchStoryboardName = LaunchScreen;
				INFOPLIST_KEY_UIMainStoryboardFile = Main;
				INFOPLIST_KEY_UISupportedInterfaceOrientations_iPad = "UIInterfaceOrientationPortrait UIInterfaceOrientationPortraitUpsideDown UIInterfaceOrientationLandscapeLeft UIInterfaceOrientationLandscapeRight";
				INFOPLIST_KEY_UISupportedInterfaceOrientations_iPhone = "UIInterfaceOrientationPortrait UIInterfaceOrientationLandscapeLeft UIInterfaceOrientationLandscapeRight";
				IPHONEOS_DEPLOYMENT_TARGET = 14.0;
				LD_RUNPATH_SEARCH_PATHS = (
					"$(inherited)",
					"@executable_path/Frameworks",
				);
				MARKETING_VERSION = 1.0;
				PRODUCT_BUNDLE_IDENTIFIER = ykkd.OperationQueueDemo;
				PRODUCT_NAME = "$(TARGET_NAME)";
				SWIFT_EMIT_LOC_STRINGS = YES;
				SWIFT_VERSION = 5.0;
				TARGETED_DEVICE_FAMILY = "1,2";
			};
			name = Debug;
		};
		F08F496129533230001F2CC9 /* Release */ = {
			isa = XCBuildConfiguration;
			buildSettings = {
				ASSETCATALOG_COMPILER_APPICON_NAME = AppIcon;
				ASSETCATALOG_COMPILER_GLOBAL_ACCENT_COLOR_NAME = AccentColor;
				CODE_SIGN_STYLE = Automatic;
				CURRENT_PROJECT_VERSION = 1;
				GENERATE_INFOPLIST_FILE = YES;
				INFOPLIST_FILE = OperationQueueDemo/Info.plist;
				INFOPLIST_KEY_UIApplicationSupportsIndirectInputEvents = YES;
				INFOPLIST_KEY_UILaunchStoryboardName = LaunchScreen;
				INFOPLIST_KEY_UIMainStoryboardFile = Main;
				INFOPLIST_KEY_UISupportedInterfaceOrientations_iPad = "UIInterfaceOrientationPortrait UIInterfaceOrientationPortraitUpsideDown UIInterfaceOrientationLandscapeLeft UIInterfaceOrientationLandscapeRight";
				INFOPLIST_KEY_UISupportedInterfaceOrientations_iPhone = "UIInterfaceOrientationPortrait UIInterfaceOrientationLandscapeLeft UIInterfaceOrientationLandscapeRight";
				IPHONEOS_DEPLOYMENT_TARGET = 14.0;
				LD_RUNPATH_SEARCH_PATHS = (
					"$(inherited)",
					"@executable_path/Frameworks",
				);
				MARKETING_VERSION = 1.0;
				PRODUCT_BUNDLE_IDENTIFIER = ykkd.OperationQueueDemo;
				PRODUCT_NAME = "$(TARGET_NAME)";
				SWIFT_EMIT_LOC_STRINGS = YES;
				SWIFT_VERSION = 5.0;
				TARGETED_DEVICE_FAMILY = "1,2";
			};
			name = Release;
		};
/* End XCBuildConfiguration section */

/* Begin XCConfigurationList section */
		F08F494629533229001F2CC9 /* Build configuration list for PBXProject "OperationQueueDemo" */ = {
			isa = XCConfigurationList;
			buildConfigurations = (
				F08F495D29533230001F2CC9 /* Debug */,
				F08F495E29533230001F2CC9 /* Release */,
			);
			defaultConfigurationIsVisible = 0;
			defaultConfigurationName = Release;
		};
		F08F495F29533230001F2CC9 /* Build configuration list for PBXNativeTarget "OperationQueueDemo" */ = {
			isa = XCConfigurationList;
			buildConfigurations = (
				F08F496029533230001F2CC9 /* Debug */,
				F08F496129533230001F2CC9 /* Release */,
			);
			defaultConfigurationIsVisible = 0;
			defaultConfigurationName = Release;
		};
/* End XCConfigurationList section */
	};
	rootObject = F08F494329533229001F2CC9 /* Project object */;
}
